// !$*UTF8*$!
{
	archiveVersion = 1;
	classes = {
	};
	objectVersion = 56;
	objects = {

/* Begin PBXBuildFile section */
		350C2EA72A17C34500BD727D /* Tab.swift in Sources */ = {isa = PBXBuildFile; fileRef = 350C2EA62A17C34500BD727D /* Tab.swift */; };
		350C2EAB2A17C79E00BD727D /* MainView.swift in Sources */ = {isa = PBXBuildFile; fileRef = 350C2EAA2A17C79E00BD727D /* MainView.swift */; };
		350C2EB02A17CC9700BD727D /* TabBar.swift in Sources */ = {isa = PBXBuildFile; fileRef = 350C2EAF2A17CC9700BD727D /* TabBar.swift */; };
		350C2EB22A17CD0500BD727D /* Global.swift in Sources */ = {isa = PBXBuildFile; fileRef = 350C2EB12A17CD0500BD727D /* Global.swift */; };
		350C2EB52A17DA9500BD727D /* LottieAnimation.swift in Sources */ = {isa = PBXBuildFile; fileRef = 350C2EB42A17DA9500BD727D /* LottieAnimation.swift */; };
		350C2EB82A17DAC100BD727D /* Lottie in Frameworks */ = {isa = PBXBuildFile; productRef = 350C2EB72A17DAC100BD727D /* Lottie */; };
		350C2EBC2A17DBFF00BD727D /* person.json in Resources */ = {isa = PBXBuildFile; fileRef = 350C2EBB2A17DBFF00BD727D /* person.json */; };
		350C2EBE2A17E61D00BD727D /* EditFriendView.swift in Sources */ = {isa = PBXBuildFile; fileRef = 350C2EBD2A17E61D00BD727D /* EditFriendView.swift */; };
		3581DB272A2CB9C300CFE84D /* SubscriptionBanner.swift in Sources */ = {isa = PBXBuildFile; fileRef = 3581DB262A2CB9C300CFE84D /* SubscriptionBanner.swift */; };
		3581DB292A2CB9DC00CFE84D /* SocialSection.swift in Sources */ = {isa = PBXBuildFile; fileRef = 3581DB282A2CB9DC00CFE84D /* SocialSection.swift */; };
		3581DB2B2A2CB9EC00CFE84D /* SocialButton.swift in Sources */ = {isa = PBXBuildFile; fileRef = 3581DB2A2A2CB9EC00CFE84D /* SocialButton.swift */; };
		35843B4D2A20E127004E8CCC /* SettingsView.swift in Sources */ = {isa = PBXBuildFile; fileRef = 35843B4C2A20E127004E8CCC /* SettingsView.swift */; };
		35B1F72B2A0182CC00C94021 /* HappyBirthdaysApp.swift in Sources */ = {isa = PBXBuildFile; fileRef = 35B1F72A2A0182CC00C94021 /* HappyBirthdaysApp.swift */; };
		35B1F72F2A0182CE00C94021 /* Assets.xcassets in Resources */ = {isa = PBXBuildFile; fileRef = 35B1F72E2A0182CE00C94021 /* Assets.xcassets */; };
		35B1F7322A0182CE00C94021 /* Preview Assets.xcassets in Resources */ = {isa = PBXBuildFile; fileRef = 35B1F7312A0182CE00C94021 /* Preview Assets.xcassets */; };
		35FAF5FA2A1138150093D969 /* FriendDB.xcdatamodeld in Sources */ = {isa = PBXBuildFile; fileRef = 35FAF5F82A1138150093D969 /* FriendDB.xcdatamodeld */; };
		35FAF5FD2A11641C0093D969 /* FriendsView.swift in Sources */ = {isa = PBXBuildFile; fileRef = 35FAF5FC2A11641C0093D969 /* FriendsView.swift */; };
		35FAF5FF2A11643B0093D969 /* FriendCell.swift in Sources */ = {isa = PBXBuildFile; fileRef = 35FAF5FE2A11643B0093D969 /* FriendCell.swift */; };
		35FAF6022A1164640093D969 /* AddFriendView.swift in Sources */ = {isa = PBXBuildFile; fileRef = 35FAF6012A1164640093D969 /* AddFriendView.swift */; };
		35FAF6042A1164A50093D969 /* CustomDatePicker.swift in Sources */ = {isa = PBXBuildFile; fileRef = 35FAF6032A1164A50093D969 /* CustomDatePicker.swift */; };
		35FAF6072A1164C80093D969 /* Friend.swift in Sources */ = {isa = PBXBuildFile; fileRef = 35FAF6062A1164C80093D969 /* Friend.swift */; };
		35FAF6092A1164EA0093D969 /* ImagePicker.swift in Sources */ = {isa = PBXBuildFile; fileRef = 35FAF6082A1164EA0093D969 /* ImagePicker.swift */; };
		35FAF60C2A1165240093D969 /* DatabaseService.swift in Sources */ = {isa = PBXBuildFile; fileRef = 35FAF60B2A1165240093D969 /* DatabaseService.swift */; };
/* End PBXBuildFile section */

/* Begin PBXFileReference section */
		350C2EA62A17C34500BD727D /* Tab.swift */ = {isa = PBXFileReference; lastKnownFileType = sourcecode.swift; path = Tab.swift; sourceTree = "<group>"; };
		350C2EAA2A17C79E00BD727D /* MainView.swift */ = {isa = PBXFileReference; lastKnownFileType = sourcecode.swift; path = MainView.swift; sourceTree = "<group>"; };
		350C2EAF2A17CC9700BD727D /* TabBar.swift */ = {isa = PBXFileReference; lastKnownFileType = sourcecode.swift; path = TabBar.swift; sourceTree = "<group>"; };
		350C2EB12A17CD0500BD727D /* Global.swift */ = {isa = PBXFileReference; lastKnownFileType = sourcecode.swift; path = Global.swift; sourceTree = "<group>"; };
		350C2EB42A17DA9500BD727D /* LottieAnimation.swift */ = {isa = PBXFileReference; lastKnownFileType = sourcecode.swift; path = LottieAnimation.swift; sourceTree = "<group>"; };
		350C2EBB2A17DBFF00BD727D /* person.json */ = {isa = PBXFileReference; fileEncoding = 4; lastKnownFileType = text.json; name = person.json; path = ../../../../../../Downloads/person.json; sourceTree = "<group>"; };
		350C2EBD2A17E61D00BD727D /* EditFriendView.swift */ = {isa = PBXFileReference; lastKnownFileType = sourcecode.swift; path = EditFriendView.swift; sourceTree = "<group>"; };
		3581DB262A2CB9C300CFE84D /* SubscriptionBanner.swift */ = {isa = PBXFileReference; lastKnownFileType = sourcecode.swift; path = SubscriptionBanner.swift; sourceTree = "<group>"; };
		3581DB282A2CB9DC00CFE84D /* SocialSection.swift */ = {isa = PBXFileReference; lastKnownFileType = sourcecode.swift; path = SocialSection.swift; sourceTree = "<group>"; };
		3581DB2A2A2CB9EC00CFE84D /* SocialButton.swift */ = {isa = PBXFileReference; lastKnownFileType = sourcecode.swift; path = SocialButton.swift; sourceTree = "<group>"; };
		35843B4C2A20E127004E8CCC /* SettingsView.swift */ = {isa = PBXFileReference; lastKnownFileType = sourcecode.swift; path = SettingsView.swift; sourceTree = "<group>"; };
		35B1F7272A0182CC00C94021 /* HappyBirthdays.app */ = {isa = PBXFileReference; explicitFileType = wrapper.application; includeInIndex = 0; path = HappyBirthdays.app; sourceTree = BUILT_PRODUCTS_DIR; };
		35B1F72A2A0182CC00C94021 /* HappyBirthdaysApp.swift */ = {isa = PBXFileReference; lastKnownFileType = sourcecode.swift; path = HappyBirthdaysApp.swift; sourceTree = "<group>"; };
		35B1F72E2A0182CE00C94021 /* Assets.xcassets */ = {isa = PBXFileReference; lastKnownFileType = folder.assetcatalog; path = Assets.xcassets; sourceTree = "<group>"; };
		35B1F7312A0182CE00C94021 /* Preview Assets.xcassets */ = {isa = PBXFileReference; lastKnownFileType = folder.assetcatalog; path = "Preview Assets.xcassets"; sourceTree = "<group>"; };
		35FAF5F92A1138150093D969 /* FriendDB.xcdatamodel */ = {isa = PBXFileReference; lastKnownFileType = wrapper.xcdatamodel; path = FriendDB.xcdatamodel; sourceTree = "<group>"; };
		35FAF5FC2A11641C0093D969 /* FriendsView.swift */ = {isa = PBXFileReference; lastKnownFileType = sourcecode.swift; path = FriendsView.swift; sourceTree = "<group>"; };
		35FAF5FE2A11643B0093D969 /* FriendCell.swift */ = {isa = PBXFileReference; lastKnownFileType = sourcecode.swift; path = FriendCell.swift; sourceTree = "<group>"; };
		35FAF6012A1164640093D969 /* AddFriendView.swift */ = {isa = PBXFileReference; lastKnownFileType = sourcecode.swift; path = AddFriendView.swift; sourceTree = "<group>"; };
		35FAF6032A1164A50093D969 /* CustomDatePicker.swift */ = {isa = PBXFileReference; lastKnownFileType = sourcecode.swift; path = CustomDatePicker.swift; sourceTree = "<group>"; };
		35FAF6062A1164C80093D969 /* Friend.swift */ = {isa = PBXFileReference; lastKnownFileType = sourcecode.swift; path = Friend.swift; sourceTree = "<group>"; };
		35FAF6082A1164EA0093D969 /* ImagePicker.swift */ = {isa = PBXFileReference; lastKnownFileType = sourcecode.swift; path = ImagePicker.swift; sourceTree = "<group>"; };
		35FAF60B2A1165240093D969 /* DatabaseService.swift */ = {isa = PBXFileReference; lastKnownFileType = sourcecode.swift; path = DatabaseService.swift; sourceTree = "<group>"; };
/* End PBXFileReference section */

/* Begin PBXFrameworksBuildPhase section */
		35B1F7242A0182CC00C94021 /* Frameworks */ = {
			isa = PBXFrameworksBuildPhase;
			buildActionMask = 2147483647;
			files = (
				350C2EB82A17DAC100BD727D /* Lottie in Frameworks */,
			);
			runOnlyForDeploymentPostprocessing = 0;
		};
/* End PBXFrameworksBuildPhase section */

/* Begin PBXGroup section */
		350C2EA52A17C33700BD727D /* TabBar */ = {
			isa = PBXGroup;
			children = (
				350C2EA62A17C34500BD727D /* Tab.swift */,
				350C2EAA2A17C79E00BD727D /* MainView.swift */,
				350C2EAF2A17CC9700BD727D /* TabBar.swift */,
			);
			path = TabBar;
			sourceTree = "<group>";
		};
		350C2EB32A17DA7F00BD727D /* LottieAnimations */ = {
			isa = PBXGroup;
			children = (
				350C2EBB2A17DBFF00BD727D /* person.json */,
				350C2EB42A17DA9500BD727D /* LottieAnimation.swift */,
			);
			path = LottieAnimations;
			sourceTree = "<group>";
		};
		3581DB252A2CB9AC00CFE84D /* Settings */ = {
			isa = PBXGroup;
			children = (
				35843B4C2A20E127004E8CCC /* SettingsView.swift */,
				3581DB262A2CB9C300CFE84D /* SubscriptionBanner.swift */,
				3581DB282A2CB9DC00CFE84D /* SocialSection.swift */,
				3581DB2A2A2CB9EC00CFE84D /* SocialButton.swift */,
			);
			path = Settings;
			sourceTree = "<group>";
		};
		35B1F71E2A0182CC00C94021 = {
			isa = PBXGroup;
			children = (
				35B1F7292A0182CC00C94021 /* HappyBirthdays */,
				35B1F7282A0182CC00C94021 /* Products */,
			);
			sourceTree = "<group>";
		};
		35B1F7282A0182CC00C94021 /* Products */ = {
			isa = PBXGroup;
			children = (
				35B1F7272A0182CC00C94021 /* HappyBirthdays.app */,
			);
			name = Products;
			sourceTree = "<group>";
		};
		35B1F7292A0182CC00C94021 /* HappyBirthdays */ = {
			isa = PBXGroup;
			children = (
				3581DB252A2CB9AC00CFE84D /* Settings */,
				350C2EB32A17DA7F00BD727D /* LottieAnimations */,
				350C2EA52A17C33700BD727D /* TabBar */,
				35FAF60D2A1165440093D969 /* Components */,
				35FAF60A2A11651A0093D969 /* Services */,
				35FAF6052A1164BD0093D969 /* Model */,
				35FAF6002A1164500093D969 /* AddFriend */,
				35FAF5FB2A11640D0093D969 /* Friends */,
				35B1F72A2A0182CC00C94021 /* HappyBirthdaysApp.swift */,
				35B1F72E2A0182CE00C94021 /* Assets.xcassets */,
				35B1F7302A0182CE00C94021 /* Preview Content */,
				350C2EB12A17CD0500BD727D /* Global.swift */,
			);
			path = HappyBirthdays;
			sourceTree = "<group>";
		};
		35B1F7302A0182CE00C94021 /* Preview Content */ = {
			isa = PBXGroup;
			children = (
				35B1F7312A0182CE00C94021 /* Preview Assets.xcassets */,
			);
			path = "Preview Content";
			sourceTree = "<group>";
		};
		35FAF5FB2A11640D0093D969 /* Friends */ = {
			isa = PBXGroup;
			children = (
				35FAF5FC2A11641C0093D969 /* FriendsView.swift */,
				35FAF5FE2A11643B0093D969 /* FriendCell.swift */,
				350C2EBD2A17E61D00BD727D /* EditFriendView.swift */,
			);
			path = Friends;
			sourceTree = "<group>";
		};
		35FAF6002A1164500093D969 /* AddFriend */ = {
			isa = PBXGroup;
			children = (
				35FAF6012A1164640093D969 /* AddFriendView.swift */,
			);
			path = AddFriend;
			sourceTree = "<group>";
		};
		35FAF6052A1164BD0093D969 /* Model */ = {
			isa = PBXGroup;
			children = (
				35FAF6062A1164C80093D969 /* Friend.swift */,
			);
			path = Model;
			sourceTree = "<group>";
		};
		35FAF60A2A11651A0093D969 /* Services */ = {
			isa = PBXGroup;
			children = (
				35FAF5F82A1138150093D969 /* FriendDB.xcdatamodeld */,
				35FAF60B2A1165240093D969 /* DatabaseService.swift */,
			);
			path = Services;
			sourceTree = "<group>";
		};
		35FAF60D2A1165440093D969 /* Components */ = {
			isa = PBXGroup;
			children = (
				35FAF6032A1164A50093D969 /* CustomDatePicker.swift */,
				35FAF6082A1164EA0093D969 /* ImagePicker.swift */,
			);
			path = Components;
			sourceTree = "<group>";
		};
/* End PBXGroup section */

/* Begin PBXNativeTarget section */
		35B1F7262A0182CC00C94021 /* HappyBirthdays */ = {
			isa = PBXNativeTarget;
			buildConfigurationList = 35B1F7352A0182CE00C94021 /* Build configuration list for PBXNativeTarget "HappyBirthdays" */;
			buildPhases = (
				35B1F7232A0182CC00C94021 /* Sources */,
				35B1F7242A0182CC00C94021 /* Frameworks */,
				35B1F7252A0182CC00C94021 /* Resources */,
			);
			buildRules = (
			);
			dependencies = (
			);
			name = HappyBirthdays;
			packageProductDependencies = (
				350C2EB72A17DAC100BD727D /* Lottie */,
			);
			productName = HappyBirthdays;
			productReference = 35B1F7272A0182CC00C94021 /* HappyBirthdays.app */;
			productType = "com.apple.product-type.application";
		};
/* End PBXNativeTarget section */

/* Begin PBXProject section */
		35B1F71F2A0182CC00C94021 /* Project object */ = {
			isa = PBXProject;
			attributes = {
				BuildIndependentTargetsInParallel = 1;
				LastSwiftUpdateCheck = 1410;
				LastUpgradeCheck = 1410;
				TargetAttributes = {
					35B1F7262A0182CC00C94021 = {
						CreatedOnToolsVersion = 14.1;
					};
				};
			};
			buildConfigurationList = 35B1F7222A0182CC00C94021 /* Build configuration list for PBXProject "HappyBirthdays" */;
			compatibilityVersion = "Xcode 14.0";
			developmentRegion = en;
			hasScannedForEncodings = 0;
			knownRegions = (
				en,
				Base,
			);
			mainGroup = 35B1F71E2A0182CC00C94021;
			packageReferences = (
				350C2EB62A17DAC100BD727D /* XCRemoteSwiftPackageReference "lottie-ios" */,
			);
			productRefGroup = 35B1F7282A0182CC00C94021 /* Products */;
			projectDirPath = "";
			projectRoot = "";
			targets = (
				35B1F7262A0182CC00C94021 /* HappyBirthdays */,
			);
		};
/* End PBXProject section */

/* Begin PBXResourcesBuildPhase section */
		35B1F7252A0182CC00C94021 /* Resources */ = {
			isa = PBXResourcesBuildPhase;
			buildActionMask = 2147483647;
			files = (
				35B1F7322A0182CE00C94021 /* Preview Assets.xcassets in Resources */,
				35B1F72F2A0182CE00C94021 /* Assets.xcassets in Resources */,
				350C2EBC2A17DBFF00BD727D /* person.json in Resources */,
			);
			runOnlyForDeploymentPostprocessing = 0;
		};
/* End PBXResourcesBuildPhase section */

/* Begin PBXSourcesBuildPhase section */
		35B1F7232A0182CC00C94021 /* Sources */ = {
			isa = PBXSourcesBuildPhase;
			buildActionMask = 2147483647;
			files = (
				35FAF6042A1164A50093D969 /* CustomDatePicker.swift in Sources */,
				350C2EAB2A17C79E00BD727D /* MainView.swift in Sources */,
				3581DB292A2CB9DC00CFE84D /* SocialSection.swift in Sources */,
				350C2EBE2A17E61D00BD727D /* EditFriendView.swift in Sources */,
				35FAF5FD2A11641C0093D969 /* FriendsView.swift in Sources */,
				350C2EB02A17CC9700BD727D /* TabBar.swift in Sources */,
				35FAF5FF2A11643B0093D969 /* FriendCell.swift in Sources */,
				350C2EB52A17DA9500BD727D /* LottieAnimation.swift in Sources */,
				350C2EB22A17CD0500BD727D /* Global.swift in Sources */,
				35FAF6022A1164640093D969 /* AddFriendView.swift in Sources */,
				3581DB2B2A2CB9EC00CFE84D /* SocialButton.swift in Sources */,
				35843B4D2A20E127004E8CCC /* SettingsView.swift in Sources */,
				35FAF6072A1164C80093D969 /* Friend.swift in Sources */,
				35FAF60C2A1165240093D969 /* DatabaseService.swift in Sources */,
				3581DB272A2CB9C300CFE84D /* SubscriptionBanner.swift in Sources */,
				35FAF6092A1164EA0093D969 /* ImagePicker.swift in Sources */,
				350C2EA72A17C34500BD727D /* Tab.swift in Sources */,
				35B1F72B2A0182CC00C94021 /* HappyBirthdaysApp.swift in Sources */,
				35FAF5FA2A1138150093D969 /* FriendDB.xcdatamodeld in Sources */,
			);
			runOnlyForDeploymentPostprocessing = 0;
		};
/* End PBXSourcesBuildPhase section */

/* Begin XCBuildConfiguration section */
		35B1F7332A0182CE00C94021 /* Debug */ = {
			isa = XCBuildConfiguration;
			buildSettings = {
				ALWAYS_SEARCH_USER_PATHS = NO;
				CLANG_ANALYZER_NONNULL = YES;
				CLANG_ANALYZER_NUMBER_OBJECT_CONVERSION = YES_AGGRESSIVE;
				CLANG_CXX_LANGUAGE_STANDARD = "gnu++20";
				CLANG_ENABLE_MODULES = YES;
				CLANG_ENABLE_OBJC_ARC = YES;
				CLANG_ENABLE_OBJC_WEAK = YES;
				CLANG_WARN_BLOCK_CAPTURE_AUTORELEASING = YES;
				CLANG_WARN_BOOL_CONVERSION = YES;
				CLANG_WARN_COMMA = YES;
				CLANG_WARN_CONSTANT_CONVERSION = YES;
				CLANG_WARN_DEPRECATED_OBJC_IMPLEMENTATIONS = YES;
				CLANG_WARN_DIRECT_OBJC_ISA_USAGE = YES_ERROR;
				CLANG_WARN_DOCUMENTATION_COMMENTS = YES;
				CLANG_WARN_EMPTY_BODY = YES;
				CLANG_WARN_ENUM_CONVERSION = YES;
				CLANG_WARN_INFINITE_RECURSION = YES;
				CLANG_WARN_INT_CONVERSION = YES;
				CLANG_WARN_NON_LITERAL_NULL_CONVERSION = YES;
				CLANG_WARN_OBJC_IMPLICIT_RETAIN_SELF = YES;
				CLANG_WARN_OBJC_LITERAL_CONVERSION = YES;
				CLANG_WARN_OBJC_ROOT_CLASS = YES_ERROR;
				CLANG_WARN_QUOTED_INCLUDE_IN_FRAMEWORK_HEADER = YES;
				CLANG_WARN_RANGE_LOOP_ANALYSIS = YES;
				CLANG_WARN_STRICT_PROTOTYPES = YES;
				CLANG_WARN_SUSPICIOUS_MOVE = YES;
				CLANG_WARN_UNGUARDED_AVAILABILITY = YES_AGGRESSIVE;
				CLANG_WARN_UNREACHABLE_CODE = YES;
				CLANG_WARN__DUPLICATE_METHOD_MATCH = YES;
				COPY_PHASE_STRIP = NO;
				DEBUG_INFORMATION_FORMAT = dwarf;
				ENABLE_STRICT_OBJC_MSGSEND = YES;
				ENABLE_TESTABILITY = YES;
				GCC_C_LANGUAGE_STANDARD = gnu11;
				GCC_DYNAMIC_NO_PIC = NO;
				GCC_NO_COMMON_BLOCKS = YES;
				GCC_OPTIMIZATION_LEVEL = 0;
				GCC_PREPROCESSOR_DEFINITIONS = (
					"DEBUG=1",
					"$(inherited)",
				);
				GCC_WARN_64_TO_32_BIT_CONVERSION = YES;
				GCC_WARN_ABOUT_RETURN_TYPE = YES_ERROR;
				GCC_WARN_UNDECLARED_SELECTOR = YES;
				GCC_WARN_UNINITIALIZED_AUTOS = YES_AGGRESSIVE;
				GCC_WARN_UNUSED_FUNCTION = YES;
				GCC_WARN_UNUSED_VARIABLE = YES;
				IPHONEOS_DEPLOYMENT_TARGET = 14.0;
				MTL_ENABLE_DEBUG_INFO = INCLUDE_SOURCE;
				MTL_FAST_MATH = YES;
				ONLY_ACTIVE_ARCH = YES;
				SDKROOT = iphoneos;
				SWIFT_ACTIVE_COMPILATION_CONDITIONS = DEBUG;
				SWIFT_OPTIMIZATION_LEVEL = "-Onone";
			};
			name = Debug;
		};
		35B1F7342A0182CE00C94021 /* Release */ = {
			isa = XCBuildConfiguration;
			buildSettings = {
				ALWAYS_SEARCH_USER_PATHS = NO;
				CLANG_ANALYZER_NONNULL = YES;
				CLANG_ANALYZER_NUMBER_OBJECT_CONVERSION = YES_AGGRESSIVE;
				CLANG_CXX_LANGUAGE_STANDARD = "gnu++20";
				CLANG_ENABLE_MODULES = YES;
				CLANG_ENABLE_OBJC_ARC = YES;
				CLANG_ENABLE_OBJC_WEAK = YES;
				CLANG_WARN_BLOCK_CAPTURE_AUTORELEASING = YES;
				CLANG_WARN_BOOL_CONVERSION = YES;
				CLANG_WARN_COMMA = YES;
				CLANG_WARN_CONSTANT_CONVERSION = YES;
				CLANG_WARN_DEPRECATED_OBJC_IMPLEMENTATIONS = YES;
				CLANG_WARN_DIRECT_OBJC_ISA_USAGE = YES_ERROR;
				CLANG_WARN_DOCUMENTATION_COMMENTS = YES;
				CLANG_WARN_EMPTY_BODY = YES;
				CLANG_WARN_ENUM_CONVERSION = YES;
				CLANG_WARN_INFINITE_RECURSION = YES;
				CLANG_WARN_INT_CONVERSION = YES;
				CLANG_WARN_NON_LITERAL_NULL_CONVERSION = YES;
				CLANG_WARN_OBJC_IMPLICIT_RETAIN_SELF = YES;
				CLANG_WARN_OBJC_LITERAL_CONVERSION = YES;
				CLANG_WARN_OBJC_ROOT_CLASS = YES_ERROR;
				CLANG_WARN_QUOTED_INCLUDE_IN_FRAMEWORK_HEADER = YES;
				CLANG_WARN_RANGE_LOOP_ANALYSIS = YES;
				CLANG_WARN_STRICT_PROTOTYPES = YES;
				CLANG_WARN_SUSPICIOUS_MOVE = YES;
				CLANG_WARN_UNGUARDED_AVAILABILITY = YES_AGGRESSIVE;
				CLANG_WARN_UNREACHABLE_CODE = YES;
				CLANG_WARN__DUPLICATE_METHOD_MATCH = YES;
				COPY_PHASE_STRIP = NO;
				DEBUG_INFORMATION_FORMAT = "dwarf-with-dsym";
				ENABLE_NS_ASSERTIONS = NO;
				ENABLE_STRICT_OBJC_MSGSEND = YES;
				GCC_C_LANGUAGE_STANDARD = gnu11;
				GCC_NO_COMMON_BLOCKS = YES;
				GCC_WARN_64_TO_32_BIT_CONVERSION = YES;
				GCC_WARN_ABOUT_RETURN_TYPE = YES_ERROR;
				GCC_WARN_UNDECLARED_SELECTOR = YES;
				GCC_WARN_UNINITIALIZED_AUTOS = YES_AGGRESSIVE;
				GCC_WARN_UNUSED_FUNCTION = YES;
				GCC_WARN_UNUSED_VARIABLE = YES;
				IPHONEOS_DEPLOYMENT_TARGET = 14.0;
				MTL_ENABLE_DEBUG_INFO = NO;
				MTL_FAST_MATH = YES;
				SDKROOT = iphoneos;
				SWIFT_COMPILATION_MODE = wholemodule;
				SWIFT_OPTIMIZATION_LEVEL = "-O";
				VALIDATE_PRODUCT = YES;
			};
			name = Release;
		};
		35B1F7362A0182CE00C94021 /* Debug */ = {
			isa = XCBuildConfiguration;
			buildSettings = {
				ASSETCATALOG_COMPILER_APPICON_NAME = AppIcon;
				ASSETCATALOG_COMPILER_GLOBAL_ACCENT_COLOR_NAME = AccentColor;
				CODE_SIGN_STYLE = Automatic;
				CURRENT_PROJECT_VERSION = 1;
				DEVELOPMENT_ASSET_PATHS = "\"HappyBirthdays/Preview Content\"";
				DEVELOPMENT_TEAM = ZN4FUVZKU9;
				ENABLE_PREVIEWS = YES;
				GENERATE_INFOPLIST_FILE = YES;
				INFOPLIST_KEY_NSContactsUsageDescription = "Access is needed to save your RWConnect friends information to your Contacts list.";
				INFOPLIST_KEY_UIApplicationSceneManifest_Generation = YES;
				INFOPLIST_KEY_UIApplicationSupportsIndirectInputEvents = YES;
				INFOPLIST_KEY_UILaunchScreen_Generation = YES;
				INFOPLIST_KEY_UISupportedInterfaceOrientations_iPad = "UIInterfaceOrientationPortrait UIInterfaceOrientationPortraitUpsideDown UIInterfaceOrientationLandscapeLeft UIInterfaceOrientationLandscapeRight";
				INFOPLIST_KEY_UISupportedInterfaceOrientations_iPhone = "UIInterfaceOrientationPortrait UIInterfaceOrientationLandscapeLeft UIInterfaceOrientationLandscapeRight";
				IPHONEOS_DEPLOYMENT_TARGET = 16.4;
				LD_RUNPATH_SEARCH_PATHS = (
					"$(inherited)",
					"@executable_path/Frameworks",
				);
				MARKETING_VERSION = 1.0;
				PRODUCT_BUNDLE_IDENTIFIER = kubarlk.HappyBirthdays;
				PRODUCT_NAME = "$(TARGET_NAME)";
				SWIFT_EMIT_LOC_STRINGS = YES;
				SWIFT_VERSION = 5.0;
				TARGETED_DEVICE_FAMILY = "1,2";
			};
			name = Debug;
		};
		35B1F7372A0182CE00C94021 /* Release */ = {
			isa = XCBuildConfiguration;
			buildSettings = {
				ASSETCATALOG_COMPILER_APPICON_NAME = AppIcon;
				ASSETCATALOG_COMPILER_GLOBAL_ACCENT_COLOR_NAME = AccentColor;
				CODE_SIGN_STYLE = Automatic;
				CURRENT_PROJECT_VERSION = 1;
				DEVELOPMENT_ASSET_PATHS = "\"HappyBirthdays/Preview Content\"";
				DEVELOPMENT_TEAM = ZN4FUVZKU9;
				ENABLE_PREVIEWS = YES;
				GENERATE_INFOPLIST_FILE = YES;
				INFOPLIST_KEY_NSContactsUsageDescription = "Access is needed to save your RWConnect friends information to your Contacts list.";
				INFOPLIST_KEY_UIApplicationSceneManifest_Generation = YES;
				INFOPLIST_KEY_UIApplicationSupportsIndirectInputEvents = YES;
				INFOPLIST_KEY_UILaunchScreen_Generation = YES;
				INFOPLIST_KEY_UISupportedInterfaceOrientations_iPad = "UIInterfaceOrientationPortrait UIInterfaceOrientationPortraitUpsideDown UIInterfaceOrientationLandscapeLeft UIInterfaceOrientationLandscapeRight";
				INFOPLIST_KEY_UISupportedInterfaceOrientations_iPhone = "UIInterfaceOrientationPortrait UIInterfaceOrientationLandscapeLeft UIInterfaceOrientationLandscapeRight";
				IPHONEOS_DEPLOYMENT_TARGET = 16.4;
				LD_RUNPATH_SEARCH_PATHS = (
					"$(inherited)",
					"@executable_path/Frameworks",
				);
				MARKETING_VERSION = 1.0;
				PRODUCT_BUNDLE_IDENTIFIER = kubarlk.HappyBirthdays;
				PRODUCT_NAME = "$(TARGET_NAME)";
				SWIFT_EMIT_LOC_STRINGS = YES;
				SWIFT_VERSION = 5.0;
				TARGETED_DEVICE_FAMILY = "1,2";
			};
			name = Release;
		};
/* End XCBuildConfiguration section */

/* Begin XCConfigurationList section */
		35B1F7222A0182CC00C94021 /* Build configuration list for PBXProject "HappyBirthdays" */ = {
			isa = XCConfigurationList;
			buildConfigurations = (
				35B1F7332A0182CE00C94021 /* Debug */,
				35B1F7342A0182CE00C94021 /* Release */,
			);
			defaultConfigurationIsVisible = 0;
			defaultConfigurationName = Release;
		};
		35B1F7352A0182CE00C94021 /* Build configuration list for PBXNativeTarget "HappyBirthdays" */ = {
			isa = XCConfigurationList;
			buildConfigurations = (
				35B1F7362A0182CE00C94021 /* Debug */,
				35B1F7372A0182CE00C94021 /* Release */,
			);
			defaultConfigurationIsVisible = 0;
			defaultConfigurationName = Release;
		};
/* End XCConfigurationList section */

/* Begin XCRemoteSwiftPackageReference section */
		350C2EB62A17DAC100BD727D /* XCRemoteSwiftPackageReference "lottie-ios" */ = {
			isa = XCRemoteSwiftPackageReference;
			repositoryURL = "https://github.com/airbnb/lottie-ios.git";
			requirement = {
				kind = upToNextMajorVersion;
				minimumVersion = 4.0.0;
			};
		};
/* End XCRemoteSwiftPackageReference section */

/* Begin XCSwiftPackageProductDependency section */
		350C2EB72A17DAC100BD727D /* Lottie */ = {
			isa = XCSwiftPackageProductDependency;
			package = 350C2EB62A17DAC100BD727D /* XCRemoteSwiftPackageReference "lottie-ios" */;
			productName = Lottie;
		};
/* End XCSwiftPackageProductDependency section */

/* Begin XCVersionGroup section */
		35FAF5F82A1138150093D969 /* FriendDB.xcdatamodeld */ = {
			isa = XCVersionGroup;
			children = (
				35FAF5F92A1138150093D969 /* FriendDB.xcdatamodel */,
			);
			currentVersion = 35FAF5F92A1138150093D969 /* FriendDB.xcdatamodel */;
			path = FriendDB.xcdatamodeld;
			sourceTree = "<group>";
			versionGroupType = wrapper.xcdatamodel;
		};
/* End XCVersionGroup section */
	};
	rootObject = 35B1F71F2A0182CC00C94021 /* Project object */;
}
